lockfileVersion: '9.0'

settings:
  autoInstallPeers: true
  excludeLinksFromLockfile: false

importers:

  .:
    dependencies:
      '@hono/node-server':
        specifier: ^1.19.7
        version: 1.19.7(hono@4.11.1)
      '@hono/zod-validator':
        specifier: ^0.7.5
        version: 0.7.5(hono@4.11.1)(zod@4.2.1)
      '@prisma/client':
        specifier: 6.19.0
        version: 6.19.0(prisma@6.19.1(typescript@5.9.3))(typescript@5.9.3)
      '@types/jsonwebtoken':
        specifier: ^9.0.10
        version: 9.0.10
      bcryptjs:
        specifier: ^3.0.3
        version: 3.0.3
      dotenv:
        specifier: ^17.2.3
        version: 17.2.3
      hono:
        specifier: ^4.11.1
        version: 4.11.1
      jsonwebtoken:
        specifier: ^9.0.3
        version: 9.0.3
      prisma:
        specifier: ^6.19.1
        version: 6.19.1(typescript@5.9.3)
      zod:
        specifier: ^4.2.1
        version: 4.2.1
    devDependencies:
      '@biomejs/biome':
        specifier: ^2.3.9
        version: 2.3.9
      '@types/node':
        specifier: ^24.10.4
        version: 24.10.4
      lefthook:
        specifier: ^2.0.12
        version: 2.0.12
      tsx:
        specifier: ^4.21.0
        version: 4.21.0
      typescript:
        specifier: ^5.9.3
        version: 5.9.3

packages:

  '@biomejs/biome@2.3.9':
    resolution: {integrity: sha512-js+34KpnY65I00k8P71RH0Uh2rJk4BrpxMGM5m2nBfM9XTlKE5N1URn5ydILPRyXXq4ebhKCjsvR+txS+D4z2A==}
    engines: {node: '>=14.21.3'}
    hasBin: true

  '@biomejs/cli-darwin-arm64@2.3.9':
    resolution: {integrity: sha512-hHbYYnna/WBwem5iCpssQQLtm5ey8ADuDT8N2zqosk6LVWimlEuUnPy6Mbzgu4GWVriyL5ijWd+1zphX6ll4/A==}
    engines: {node: '>=14.21.3'}
    cpu: [arm64]
    os: [darwin]

  '@biomejs/cli-darwin-x64@2.3.9':
    resolution: {integrity: sha512-sKMW5fpvGDmPdqCchtVH5MVlbVeSU3ad4CuKS45x8VHt3tNSC8CZ2QbxffAOKYK9v/mAeUiPC6Cx6+wtyU1q7g==}
    engines: {node: '>=14.21.3'}
    cpu: [x64]
    os: [darwin]

  '@biomejs/cli-linux-arm64-musl@2.3.9':
    resolution: {integrity: sha512-JOHyG2nl8XDpncbMazm1uBSi1dPX9VbQDOjKcfSVXTqajD0PsgodMOKyuZ/PkBu5Lw877sWMTGKfEfpM7jE7Cw==}
    engines: {node: '>=14.21.3'}
    cpu: [arm64]
    os: [linux]

  '@biomejs/cli-linux-arm64@2.3.9':
    resolution: {integrity: sha512-BXBB6HbAgZI6T6QB8q6NSwIapVngqArP6K78BqkMerht7YjL6yWctqfeTnJm0qGF2bKBYFexslrbV+VTlM2E6g==}
    engines: {node: '>=14.21.3'}
    cpu: [arm64]
    os: [linux]

  '@biomejs/cli-linux-x64-musl@2.3.9':
    resolution: {integrity: sha512-FUkb/5beCIC2trpqAbW9e095X4vamdlju80c1ExSmhfdrojLZnWkah/XfTSixKb/dQzbAjpD7vvs6rWkJ+P07Q==}
    engines: {node: '>=14.21.3'}
    cpu: [x64]
    os: [linux]

  '@biomejs/cli-linux-x64@2.3.9':
    resolution: {integrity: sha512-PjYuv2WLmvf0WtidxAkFjlElsn0P6qcvfPijrqu1j+3GoW3XSQh3ywGu7gZ25J25zrYj3KEovUjvUZB55ATrGw==}
    engines: {node: '>=14.21.3'}
    cpu: [x64]
    os: [linux]

  '@biomejs/cli-win32-arm64@2.3.9':
    resolution: {integrity: sha512-w48Yh/XbYHO2cBw8B5laK3vCAEKuocX5ItGXVDAqFE7Ze2wnR00/1vkY6GXglfRDOjWHu2XtxI0WKQ52x1qxEA==}
    engines: {node: '>=14.21.3'}
    cpu: [arm64]
    os: [win32]

  '@biomejs/cli-win32-x64@2.3.9':
    resolution: {integrity: sha512-90+J63VT7qImy9s3pkWL0ZX27VzVwMNCRzpLpe5yMzMYPbO1vcjL/w/Q5f/juAGMvP7a2Fd0H7IhAR6F7/i78A==}
    engines: {node: '>=14.21.3'}
    cpu: [x64]
    os: [win32]

  '@esbuild/aix-ppc64@0.27.1':
    resolution: {integrity: sha512-HHB50pdsBX6k47S4u5g/CaLjqS3qwaOVE5ILsq64jyzgMhLuCuZ8rGzM9yhsAjfjkbgUPMzZEPa7DAp7yz6vuA==}
    engines: {node: '>=18'}
    cpu: [ppc64]
    os: [aix]

  '@esbuild/android-arm64@0.27.1':
    resolution: {integrity: sha512-45fuKmAJpxnQWixOGCrS+ro4Uvb4Re9+UTieUY2f8AEc+t7d4AaZ6eUJ3Hva7dtrxAAWHtlEFsXFMAgNnGU9uQ==}
    engines: {node: '>=18'}
    cpu: [arm64]
    os: [android]

  '@esbuild/android-arm@0.27.1':
    resolution: {integrity: sha512-kFqa6/UcaTbGm/NncN9kzVOODjhZW8e+FRdSeypWe6j33gzclHtwlANs26JrupOntlcWmB0u8+8HZo8s7thHvg==}
    engines: {node: '>=18'}
    cpu: [arm]
    os: [android]

  '@esbuild/android-x64@0.27.1':
    resolution: {integrity: sha512-LBEpOz0BsgMEeHgenf5aqmn/lLNTFXVfoWMUox8CtWWYK9X4jmQzWjoGoNb8lmAYml/tQ/Ysvm8q7szu7BoxRQ==}
    engines: {node: '>=18'}
    cpu: [x64]
    os: [android]

  '@esbuild/darwin-arm64@0.27.1':
    resolution: {integrity: sha512-veg7fL8eMSCVKL7IW4pxb54QERtedFDfY/ASrumK/SbFsXnRazxY4YykN/THYqFnFwJ0aVjiUrVG2PwcdAEqQQ==}
    engines: {node: '>=18'}
    cpu: [arm64]
    os: [darwin]

  '@esbuild/darwin-x64@0.27.1':
    resolution: {integrity: sha512-+3ELd+nTzhfWb07Vol7EZ+5PTbJ/u74nC6iv4/lwIU99Ip5uuY6QoIf0Hn4m2HoV0qcnRivN3KSqc+FyCHjoVQ==}
    engines: {node: '>=18'}
    cpu: [x64]
    os: [darwin]

  '@esbuild/freebsd-arm64@0.27.1':
    resolution: {integrity: sha512-/8Rfgns4XD9XOSXlzUDepG8PX+AVWHliYlUkFI3K3GB6tqbdjYqdhcb4BKRd7C0BhZSoaCxhv8kTcBrcZWP+xg==}
    engines: {node: '>=18'}
    cpu: [arm64]
    os: [freebsd]

  '@esbuild/freebsd-x64@0.27.1':
    resolution: {integrity: sha512-GITpD8dK9C+r+5yRT/UKVT36h/DQLOHdwGVwwoHidlnA168oD3uxA878XloXebK4Ul3gDBBIvEdL7go9gCUFzQ==}
    engines: {node: '>=18'}
    cpu: [x64]
    os: [freebsd]

  '@esbuild/linux-arm64@0.27.1':
    resolution: {integrity: sha512-W9//kCrh/6in9rWIBdKaMtuTTzNj6jSeG/haWBADqLLa9P8O5YSRDzgD5y9QBok4AYlzS6ARHifAb75V6G670Q==}
    engines: {node: '>=18'}
    cpu: [arm64]
    os: [linux]

  '@esbuild/linux-arm@0.27.1':
    resolution: {integrity: sha512-ieMID0JRZY/ZeCrsFQ3Y3NlHNCqIhTprJfDgSB3/lv5jJZ8FX3hqPyXWhe+gvS5ARMBJ242PM+VNz/ctNj//eA==}
    engines: {node: '>=18'}
    cpu: [arm]
    os: [linux]

  '@esbuild/linux-ia32@0.27.1':
    resolution: {integrity: sha512-VIUV4z8GD8rtSVMfAj1aXFahsi/+tcoXXNYmXgzISL+KB381vbSTNdeZHHHIYqFyXcoEhu9n5cT+05tRv13rlw==}
    engines: {node: '>=18'}
    cpu: [ia32]
    os: [linux]

  '@esbuild/linux-loong64@0.27.1':
    resolution: {integrity: sha512-l4rfiiJRN7sTNI//ff65zJ9z8U+k6zcCg0LALU5iEWzY+a1mVZ8iWC1k5EsNKThZ7XCQ6YWtsZ8EWYm7r1UEsg==}
    engines: {node: '>=18'}
    cpu: [loong64]
    os: [linux]

  '@esbuild/linux-mips64el@0.27.1':
    resolution: {integrity: sha512-U0bEuAOLvO/DWFdygTHWY8C067FXz+UbzKgxYhXC0fDieFa0kDIra1FAhsAARRJbvEyso8aAqvPdNxzWuStBnA==}
    engines: {node: '>=18'}
    cpu: [mips64el]
    os: [linux]

  '@esbuild/linux-ppc64@0.27.1':
    resolution: {integrity: sha512-NzdQ/Xwu6vPSf/GkdmRNsOfIeSGnh7muundsWItmBsVpMoNPVpM61qNzAVY3pZ1glzzAxLR40UyYM23eaDDbYQ==}
    engines: {node: '>=18'}
    cpu: [ppc64]
    os: [linux]

  '@esbuild/linux-riscv64@0.27.1':
    resolution: {integrity: sha512-7zlw8p3IApcsN7mFw0O1Z1PyEk6PlKMu18roImfl3iQHTnr/yAfYv6s4hXPidbDoI2Q0pW+5xeoM4eTCC0UdrQ==}
    engines: {node: '>=18'}
    cpu: [riscv64]
    os: [linux]

  '@esbuild/linux-s390x@0.27.1':
    resolution: {integrity: sha512-cGj5wli+G+nkVQdZo3+7FDKC25Uh4ZVwOAK6A06Hsvgr8WqBBuOy/1s+PUEd/6Je+vjfm6stX0kmib5b/O2Ykw==}
    engines: {node: '>=18'}
    cpu: [s390x]
    os: [linux]

  '@esbuild/linux-x64@0.27.1':
    resolution: {integrity: sha512-z3H/HYI9MM0HTv3hQZ81f+AKb+yEoCRlUby1F80vbQ5XdzEMyY/9iNlAmhqiBKw4MJXwfgsh7ERGEOhrM1niMA==}
    engines: {node: '>=18'}
    cpu: [x64]
    os: [linux]

  '@esbuild/netbsd-arm64@0.27.1':
    resolution: {integrity: sha512-wzC24DxAvk8Em01YmVXyjl96Mr+ecTPyOuADAvjGg+fyBpGmxmcr2E5ttf7Im8D0sXZihpxzO1isus8MdjMCXQ==}
    engines: {node: '>=18'}
    cpu: [arm64]
    os: [netbsd]

  '@esbuild/netbsd-x64@0.27.1':
    resolution: {integrity: sha512-1YQ8ybGi2yIXswu6eNzJsrYIGFpnlzEWRl6iR5gMgmsrR0FcNoV1m9k9sc3PuP5rUBLshOZylc9nqSgymI+TYg==}
    engines: {node: '>=18'}
    cpu: [x64]
    os: [netbsd]

  '@esbuild/openbsd-arm64@0.27.1':
    resolution: {integrity: sha512-5Z+DzLCrq5wmU7RDaMDe2DVXMRm2tTDvX2KU14JJVBN2CT/qov7XVix85QoJqHltpvAOZUAc3ndU56HSMWrv8g==}
    engines: {node: '>=18'}
    cpu: [arm64]
    os: [openbsd]

  '@esbuild/openbsd-x64@0.27.1':
    resolution: {integrity: sha512-Q73ENzIdPF5jap4wqLtsfh8YbYSZ8Q0wnxplOlZUOyZy7B4ZKW8DXGWgTCZmF8VWD7Tciwv5F4NsRf6vYlZtqg==}
    engines: {node: '>=18'}
    cpu: [x64]
    os: [openbsd]

  '@esbuild/openharmony-arm64@0.27.1':
    resolution: {integrity: sha512-ajbHrGM/XiK+sXM0JzEbJAen+0E+JMQZ2l4RR4VFwvV9JEERx+oxtgkpoKv1SevhjavK2z2ReHk32pjzktWbGg==}
    engines: {node: '>=18'}
    cpu: [arm64]
    os: [openharmony]

  '@esbuild/sunos-x64@0.27.1':
    resolution: {integrity: sha512-IPUW+y4VIjuDVn+OMzHc5FV4GubIwPnsz6ubkvN8cuhEqH81NovB53IUlrlBkPMEPxvNnf79MGBoz8rZ2iW8HA==}
    engines: {node: '>=18'}
    cpu: [x64]
    os: [sunos]

  '@esbuild/win32-arm64@0.27.1':
    resolution: {integrity: sha512-RIVRWiljWA6CdVu8zkWcRmGP7iRRIIwvhDKem8UMBjPql2TXM5PkDVvvrzMtj1V+WFPB4K7zkIGM7VzRtFkjdg==}
    engines: {node: '>=18'}
    cpu: [arm64]
    os: [win32]

  '@esbuild/win32-ia32@0.27.1':
    resolution: {integrity: sha512-2BR5M8CPbptC1AK5JbJT1fWrHLvejwZidKx3UMSF0ecHMa+smhi16drIrCEggkgviBwLYd5nwrFLSl5Kho96RQ==}
    engines: {node: '>=18'}
    cpu: [ia32]
    os: [win32]

  '@esbuild/win32-x64@0.27.1':
    resolution: {integrity: sha512-d5X6RMYv6taIymSk8JBP+nxv8DQAMY6A51GPgusqLdK9wBz5wWIXy1KjTck6HnjE9hqJzJRdk+1p/t5soSbCtw==}
    engines: {node: '>=18'}
    cpu: [x64]
    os: [win32]

  '@hono/node-server@1.19.7':
    resolution: {integrity: sha512-vUcD0uauS7EU2caukW8z5lJKtoGMokxNbJtBiwHgpqxEXokaHCBkQUmCHhjFB1VUTWdqj25QoMkMKzgjq+uhrw==}
    engines: {node: '>=18.14.1'}
    peerDependencies:
      hono: ^4

  '@hono/zod-validator@0.7.5':
    resolution: {integrity: sha512-n4l4hutkfYU07PzRUHBOVzUEn38VSfrh+UVE5d0w4lyfWDOEhzxIupqo5iakRiJL44c3vTuFJBvcmUl8b9agIA==}
    peerDependencies:
      hono: '>=3.9.0'
      zod: ^3.25.0 || ^4.0.0

  '@prisma/client@6.19.0':
    resolution: {integrity: sha512-QXFT+N/bva/QI2qoXmjBzL7D6aliPffIwP+81AdTGq0FXDoLxLkWivGMawG8iM5B9BKfxLIXxfWWAF6wbuJU6g==}
    engines: {node: '>=18.18'}
    peerDependencies:
      prisma: '*'
      typescript: '>=5.1.0'
    peerDependenciesMeta:
      prisma:
        optional: true
      typescript:
        optional: true

  '@prisma/config@6.19.1':
    resolution: {integrity: sha512-bUL/aYkGXLwxVGhJmQMtslLT7KPEfUqmRa919fKI4wQFX4bIFUKiY8Jmio/2waAjjPYrtuDHa7EsNCnJTXxiOw==}

  '@prisma/debug@6.19.1':
    resolution: {integrity: sha512-h1JImhlAd/s5nhY/e9qkAzausWldbeT+e4nZF7A4zjDYBF4BZmKDt4y0jK7EZapqOm1kW7V0e9agV/iFDy3fWw==}

  '@prisma/engines-version@7.1.1-3.c2990dca591cba766e3b7ef5d9e8a84796e47ab7':
    resolution: {integrity: sha512-03bgb1VD5gvuumNf+7fVGBzfpJPjmqV423l/WxsWk2cNQ42JD0/SsFBPhN6z8iAvdHs07/7ei77SKu7aZfq8bA==}

  '@prisma/engines@6.19.1':
    resolution: {integrity: sha512-xy95dNJ7DiPf9IJ3oaVfX785nbFl7oNDzclUF+DIiJw6WdWCvPl0LPU0YqQLsrwv8N64uOQkH391ujo3wSo+Nw==}

  '@prisma/fetch-engine@6.19.1':
    resolution: {integrity: sha512-mmgcotdaq4VtAHO6keov3db+hqlBzQS6X7tR7dFCbvXjLVTxBYdSJFRWz+dq7F9p6dvWyy1X0v8BlfRixyQK6g==}

  '@prisma/get-platform@6.19.1':
    resolution: {integrity: sha512-zsg44QUiQAnFUyh6Fbt7c9HjMXHwFTqtrgcX7DAZmRgnkPyYT7Sh8Mn8D5PuuDYNtMOYcpLGg576MLfIORsBYw==}

  '@standard-schema/spec@1.1.0':
    resolution: {integrity: sha512-l2aFy5jALhniG5HgqrD6jXLi/rUWrKvqN/qJx6yoJsgKhblVd+iqqU4RCXavm/jPityDo5TCvKMnpjKnOriy0w==}

  '@types/jsonwebtoken@9.0.10':
    resolution: {integrity: sha512-asx5hIG9Qmf/1oStypjanR7iKTv0gXQ1Ov/jfrX6kS/EO0OFni8orbmGCn0672NHR3kXHwpAwR+B368ZGN/2rA==}

  '@types/ms@2.1.0':
    resolution: {integrity: sha512-GsCCIZDE/p3i96vtEqx+7dBUGXrc7zeSK3wwPHIaRThS+9OhWIXRqzs4d6k1SVU8g91DrNRWxWUGhp5KXQb2VA==}

  '@types/node@24.10.4':
    resolution: {integrity: sha512-vnDVpYPMzs4wunl27jHrfmwojOGKya0xyM3sH+UE5iv5uPS6vX7UIoh6m+vQc5LGBq52HBKPIn/zcSZVzeDEZg==}

  bcryptjs@3.0.3:
    resolution: {integrity: sha512-GlF5wPWnSa/X5LKM1o0wz0suXIINz1iHRLvTS+sLyi7XPbe5ycmYI3DlZqVGZZtDgl4DmasFg7gOB3JYbphV5g==}
    hasBin: true

  buffer-equal-constant-time@1.0.1:
    resolution: {integrity: sha512-zRpUiDwd/xk6ADqPMATG8vc9VPrkck7T07OIx0gnjmJAnHnTVXNQG3vfvWNuiZIkwu9KrKdA1iJKfsfTVxE6NA==}

  c12@3.1.0:
    resolution: {integrity: sha512-uWoS8OU1MEIsOv8p/5a82c3H31LsWVR5qiyXVfBNOzfffjUWtPnhAb4BYI2uG2HfGmZmFjCtui5XNWaps+iFuw==}
    peerDependencies:
      magicast: ^0.3.5
    peerDependenciesMeta:
      magicast:
        optional: true

  chokidar@4.0.3:
    resolution: {integrity: sha512-Qgzu8kfBvo+cA4962jnP1KkS6Dop5NS6g7R5LFYJr4b8Ub94PPQXUksCw9PvXoeXPRRddRNC5C1JQUR2SMGtnA==}
    engines: {node: '>= 14.16.0'}

  citty@0.1.6:
    resolution: {integrity: sha512-tskPPKEs8D2KPafUypv2gxwJP8h/OaJmC82QQGGDQcHvXX43xF2VDACcJVmZ0EuSxkpO9Kc4MlrA3q0+FG58AQ==}

  confbox@0.2.2:
    resolution: {integrity: sha512-1NB+BKqhtNipMsov4xI/NnhCKp9XG9NamYp5PVm9klAT0fsrNPjaFICsCFhNhwZJKNh7zB/3q8qXz0E9oaMNtQ==}

  consola@3.4.2:
    resolution: {integrity: sha512-5IKcdX0nnYavi6G7TtOhwkYzyjfJlatbjMjuLSfE2kYT5pMDOilZ4OvMhi637CcDICTmz3wARPoyhqyX1Y+XvA==}
    engines: {node: ^14.18.0 || >=16.10.0}

  deepmerge-ts@7.1.5:
    resolution: {integrity: sha512-HOJkrhaYsweh+W+e74Yn7YStZOilkoPb6fycpwNLKzSPtruFs48nYis0zy5yJz1+ktUhHxoRDJ27RQAWLIJVJw==}
    engines: {node: '>=16.0.0'}

  defu@6.1.4:
    resolution: {integrity: sha512-mEQCMmwJu317oSz8CwdIOdwf3xMif1ttiM8LTufzc3g6kR+9Pe236twL8j3IYT1F7GfRgGcW6MWxzZjLIkuHIg==}

  destr@2.0.5:
    resolution: {integrity: sha512-ugFTXCtDZunbzasqBxrK93Ik/DRYsO6S/fedkWEMKqt04xZ4csmnmwGDBAb07QWNaGMAmnTIemsYZCksjATwsA==}

  dotenv@16.6.1:
    resolution: {integrity: sha512-uBq4egWHTcTt33a72vpSG0z3HnPuIl6NqYcTrKEg2azoEyl2hpW0zqlxysq2pK9HlDIHyHyakeYaYnSAwd8bow==}
    engines: {node: '>=12'}

  dotenv@17.2.3:
    resolution: {integrity: sha512-JVUnt+DUIzu87TABbhPmNfVdBDt18BLOWjMUFJMSi/Qqg7NTYtabbvSNJGOJ7afbRuv9D/lngizHtP7QyLQ+9w==}
    engines: {node: '>=12'}

  ecdsa-sig-formatter@1.0.11:
    resolution: {integrity: sha512-nagl3RYrbNv6kQkeJIpt6NJZy8twLB/2vtz6yN9Z4vRKHN4/QZJIEbqohALSgwKdnksuY3k5Addp5lg8sVoVcQ==}

  effect@3.18.4:
    resolution: {integrity: sha512-b1LXQJLe9D11wfnOKAk3PKxuqYshQ0Heez+y5pnkd3jLj1yx9QhM72zZ9uUrOQyNvrs2GZZd/3maL0ZV18YuDA==}

  empathic@2.0.0:
    resolution: {integrity: sha512-i6UzDscO/XfAcNYD75CfICkmfLedpyPDdozrLMmQc5ORaQcdMoc21OnlEylMIqI7U8eniKrPMxxtj8k0vhmJhA==}
    engines: {node: '>=14'}

  esbuild@0.27.1:
    resolution: {integrity: sha512-yY35KZckJJuVVPXpvjgxiCuVEJT67F6zDeVTv4rizyPrfGBUpZQsvmxnN+C371c2esD/hNMjj4tpBhuueLN7aA==}
    engines: {node: '>=18'}
    hasBin: true

  exsolve@1.0.8:
    resolution: {integrity: sha512-LmDxfWXwcTArk8fUEnOfSZpHOJ6zOMUJKOtFLFqJLoKJetuQG874Uc7/Kki7zFLzYybmZhp1M7+98pfMqeX8yA==}

  fast-check@3.23.2:
    resolution: {integrity: sha512-h5+1OzzfCC3Ef7VbtKdcv7zsstUQwUDlYpUTvjeUsJAssPgLn7QzbboPtL5ro04Mq0rPOsMzl7q5hIbRs2wD1A==}
    engines: {node: '>=8.0.0'}

  fsevents@2.3.3:
    resolution: {integrity: sha512-5xoDfX+fL7faATnagmWPpbFtwh/R77WmMMqqHGS65C3vvB0YHrgF+B1YmZ3441tMj5n63k0212XNoJwzlhffQw==}
    engines: {node: ^8.16.0 || ^10.6.0 || >=11.0.0}
    os: [darwin]

  get-tsconfig@4.13.0:
    resolution: {integrity: sha512-1VKTZJCwBrvbd+Wn3AOgQP/2Av+TfTCOlE4AcRJE72W1ksZXbAx8PPBR9RzgTeSPzlPMHrbANMH3LbltH73wxQ==}

  giget@2.0.0:
    resolution: {integrity: sha512-L5bGsVkxJbJgdnwyuheIunkGatUF/zssUoxxjACCseZYAVbaqdh9Tsmmlkl8vYan09H7sbvKt4pS8GqKLBrEzA==}
    hasBin: true

  hono@4.11.1:
    resolution: {integrity: sha512-KsFcH0xxHes0J4zaQgWbYwmz3UPOOskdqZmItstUG93+Wk1ePBLkLGwbP9zlmh1BFUiL8Qp+Xfu9P7feJWpGNg==}
    engines: {node: '>=16.9.0'}

  jiti@2.6.1:
    resolution: {integrity: sha512-ekilCSN1jwRvIbgeg/57YFh8qQDNbwDb9xT/qu2DAHbFFZUicIl4ygVaAvzveMhMVr3LnpSKTNnwt8PoOfmKhQ==}
    hasBin: true

  jsonwebtoken@9.0.3:
    resolution: {integrity: sha512-MT/xP0CrubFRNLNKvxJ2BYfy53Zkm++5bX9dtuPbqAeQpTVe0MQTFhao8+Cp//EmJp244xt6Drw/GVEGCUj40g==}
    engines: {node: '>=12', npm: '>=6'}

  jwa@2.0.1:
    resolution: {integrity: sha512-hRF04fqJIP8Abbkq5NKGN0Bbr3JxlQ+qhZufXVr0DvujKy93ZCbXZMHDL4EOtodSbCWxOqR8MS1tXA5hwqCXDg==}

  jws@4.0.1:
    resolution: {integrity: sha512-EKI/M/yqPncGUUh44xz0PxSidXFr/+r0pA70+gIYhjv+et7yxM+s29Y+VGDkovRofQem0fs7Uvf4+YmAdyRduA==}

  lefthook-darwin-arm64@2.0.12:
    resolution: {integrity: sha512-tuBz1sNLien+nKKb8BDopKjS6EnbXU8rQzhMVBY+bnVfsTiYDfbBr4wo/IzA5TcwoTL/b5somCJhljEw6DvSyg==}
    cpu: [arm64]
    os: [darwin]

  lefthook-darwin-x64@2.0.12:
    resolution: {integrity: sha512-FnuUMPPRMJyTEPXg6PotSrFJ8qf8FDLhhD1zLh74D+9Cye5j9n3lcrCQEjXubPT8du/GZLxMBjjffRbcZ8eYDA==}
    cpu: [x64]
    os: [darwin]

  lefthook-freebsd-arm64@2.0.12:
    resolution: {integrity: sha512-DXElB0qR5e6a8cXkFNYakhwCieypbfh6Y4QG39pzMnLsG03g/nhe093o6owfiUZ4mUFyDM6+0xmy0steOooF2g==}
    cpu: [arm64]
    os: [freebsd]

  lefthook-freebsd-x64@2.0.12:
    resolution: {integrity: sha512-iJN1ZxFeaDi4Fi3b9jcW9wgyNl19LOv2NaVOaAi/tG6mlIn196cmSdXkOA3+943ZbqbdfV9I+bBcIKwneXDA3Q==}
    cpu: [x64]
    os: [freebsd]

  lefthook-linux-arm64@2.0.12:
    resolution: {integrity: sha512-byvmO4Iri6P0COwM8c3lGgeCV3Q0hh1XJpRfrcZDr4Wslq9O63t6J3T6i87oOtY+UjC9pXLl6xGk6hlUcHZ3BQ==}
    cpu: [arm64]
    os: [linux]

  lefthook-linux-x64@2.0.12:
    resolution: {integrity: sha512-KBaiinmf336rA+/dmYs7H7TTeAOByB0CyLA7k8IecTCuaiuKr6ez7ktSjht19poa5G+V0mts4GgEGcx6HViR0w==}
    cpu: [x64]
    os: [linux]

  lefthook-openbsd-arm64@2.0.12:
    resolution: {integrity: sha512-1QBMXX1UW5rtgC4TB52OKWB7Rz/kCBRB+bKKLT/gDD79aPzLgJANTitQQzgFNIWoa7aM9UvzvIAJzOo6FcFIbg==}
    cpu: [arm64]
    os: [openbsd]

  lefthook-openbsd-x64@2.0.12:
    resolution: {integrity: sha512-zPcvUzs65GexRA37UHmaZqWuEGSU/zpBaPIY98MybXzzcJfCIf+O0oUQe2riMllwYGvNW0B1y3NOYRziDNe/vA==}
    cpu: [x64]
    os: [openbsd]

  lefthook-windows-arm64@2.0.12:
    resolution: {integrity: sha512-kgwxguS2GssoHM4SMTp+ArD/Gjg9q5MinD6iI5vSFpuJygD13ZWiXQQfESMHq9y/v1XkD0BdHTJej49dx8P+Vw==}
    cpu: [arm64]
    os: [win32]

  lefthook-windows-x64@2.0.12:
    resolution: {integrity: sha512-Tf/VtSOtF3rBTc9dzRWROa+HuhqaiIV+Xp+1gzlx5+uCueLM0m87Rz6yd4IN5mL7TrDaNkiRXI3FvjCp0dUE4Q==}
    cpu: [x64]
    os: [win32]

  lefthook@2.0.12:
    resolution: {integrity: sha512-I2FdA9cdnq1icwlNz4RADs7exuqe47q1N9+p2LmcP/WfchWh16mvTB82OAD7w7zK9GxblS9GpF7pASaOSl4c7A==}
    hasBin: true

  lodash.includes@4.3.0:
    resolution: {integrity: sha512-W3Bx6mdkRTGtlJISOvVD/lbqjTlPPUDTMnlXZFnVwi9NKJ6tiAk6LVdlhZMm17VZisqhKcgzpO5Wz91PCt5b0w==}

  lodash.isboolean@3.0.3:
    resolution: {integrity: sha512-Bz5mupy2SVbPHURB98VAcw+aHh4vRV5IPNhILUCsOzRmsTmSQ17jIuqopAentWoehktxGd9e/hbIXq980/1QJg==}

  lodash.isinteger@4.0.4:
    resolution: {integrity: sha512-DBwtEWN2caHQ9/imiNeEA5ys1JoRtRfY3d7V9wkqtbycnAmTvRRmbHKDV4a0EYc678/dia0jrte4tjYwVBaZUA==}

  lodash.isnumber@3.0.3:
    resolution: {integrity: sha512-QYqzpfwO3/CWf3XP+Z+tkQsfaLL/EnUlXWVkIk5FUPc4sBdTehEqZONuyRt2P67PXAk+NXmTBcc97zw9t1FQrw==}

  lodash.isplainobject@4.0.6:
    resolution: {integrity: sha512-oSXzaWypCMHkPC3NvBEaPHf0KsA5mvPrOPgQWDsbg8n7orZ290M0BmC/jgRZ4vcJ6DTAhjrsSYgdsW/F+MFOBA==}

  lodash.isstring@4.0.1:
    resolution: {integrity: sha512-0wJxfxH1wgO3GrbuP+dTTk7op+6L41QCXbGINEmD+ny/G/eCqGzxyCsh7159S+mgDDcoarnBw6PC1PS5+wUGgw==}

  lodash.once@4.1.1:
    resolution: {integrity: sha512-Sb487aTOCr9drQVL8pIxOzVhafOjZN9UU54hiN8PU3uAiSV7lx1yYNpbNmex2PK6dSJoNTSJUUswT651yww3Mg==}

  ms@2.1.3:
    resolution: {integrity: sha512-6FlzubTLZG3J2a/NVCAleEhjzq5oxgHyaCU9yYXvcLsvoVaHJq/s5xXI6/XXP6tz7R9xAOtHnSO/tXtF3WRTlA==}

  node-fetch-native@1.6.7:
    resolution: {integrity: sha512-g9yhqoedzIUm0nTnTqAQvueMPVOuIY16bqgAJJC8XOOubYFNwz6IER9qs0Gq2Xd0+CecCKFjtdDTMA4u4xG06Q==}

  nypm@0.6.2:
    resolution: {integrity: sha512-7eM+hpOtrKrBDCh7Ypu2lJ9Z7PNZBdi/8AT3AX8xoCj43BBVHD0hPSTEvMtkMpfs8FCqBGhxB+uToIQimA111g==}
    engines: {node: ^14.16.0 || >=16.10.0}
    hasBin: true

  ohash@2.0.11:
    resolution: {integrity: sha512-RdR9FQrFwNBNXAr4GixM8YaRZRJ5PUWbKYbE5eOsrwAjJW0q2REGcf79oYPsLyskQCZG1PLN+S/K1V00joZAoQ==}

  pathe@2.0.3:
    resolution: {integrity: sha512-WUjGcAqP1gQacoQe+OBJsFA7Ld4DyXuUIjZ5cc75cLHvJ7dtNsTugphxIADwspS+AraAUePCKrSVtPLFj/F88w==}

  perfect-debounce@1.0.0:
    resolution: {integrity: sha512-xCy9V055GLEqoFaHoC1SoLIaLmWctgCUaBaWxDZ7/Zx4CTyX7cJQLJOok/orfjZAh9kEYpjJa4d0KcJmCbctZA==}

  pkg-types@2.3.0:
    resolution: {integrity: sha512-SIqCzDRg0s9npO5XQ3tNZioRY1uK06lA41ynBC1YmFTmnY6FjUjVt6s4LoADmwoig1qqD0oK8h1p/8mlMx8Oig==}

  prisma@6.19.1:
    resolution: {integrity: sha512-XRfmGzh6gtkc/Vq3LqZJcS2884dQQW3UhPo6jNRoiTW95FFQkXFg8vkYEy6og+Pyv0aY7zRQ7Wn1Cvr56XjhQQ==}
    engines: {node: '>=18.18'}
    hasBin: true
    peerDependencies:
      typescript: '>=5.1.0'
    peerDependenciesMeta:
      typescript:
        optional: true

  pure-rand@6.1.0:
    resolution: {integrity: sha512-bVWawvoZoBYpp6yIoQtQXHZjmz35RSVHnUOTefl8Vcjr8snTPY1wnpSPMWekcFwbxI6gtmT7rSYPFvz71ldiOA==}

  rc9@2.1.2:
    resolution: {integrity: sha512-btXCnMmRIBINM2LDZoEmOogIZU7Qe7zn4BpomSKZ/ykbLObuBdvG+mFq11DL6fjH1DRwHhrlgtYWG96bJiC7Cg==}

  readdirp@4.1.2:
    resolution: {integrity: sha512-GDhwkLfywWL2s6vEjyhri+eXmfH6j1L7JE27WhqLeYzoh/A3DBaYGEj2H/HFZCn/kMfim73FXxEJTw06WtxQwg==}
    engines: {node: '>= 14.18.0'}

  resolve-pkg-maps@1.0.0:
    resolution: {integrity: sha512-seS2Tj26TBVOC2NIc2rOe2y2ZO7efxITtLZcGSOnHHNOQ7CkiUBfw0Iw2ck6xkIhPwLhKNLS8BO+hEpngQlqzw==}

  safe-buffer@5.2.1:
    resolution: {integrity: sha512-rp3So07KcdmmKbGvgaNxQSJr7bGVSVk5S9Eq1F+ppbRo70+YeaDxkw5Dd8NPN+GD6bjnYm2VuPuCXmpuYvmCXQ==}

  semver@7.7.3:
    resolution: {integrity: sha512-SdsKMrI9TdgjdweUSR9MweHA4EJ8YxHn8DFaDisvhVlUOe4BF1tLD7GAj0lIqWVl+dPb/rExr0Btby5loQm20Q==}
    engines: {node: '>=10'}
    hasBin: true

  tinyexec@1.0.2:
    resolution: {integrity: sha512-W/KYk+NFhkmsYpuHq5JykngiOCnxeVL8v8dFnqxSD8qEEdRfXk1SDM6JzNqcERbcGYj9tMrDQBYV9cjgnunFIg==}
    engines: {node: '>=18'}

  tsx@4.21.0:
    resolution: {integrity: sha512-5C1sg4USs1lfG0GFb2RLXsdpXqBSEhAaA/0kPL01wxzpMqLILNxIxIOKiILz+cdg/pLnOUxFYOR5yhHU666wbw==}
    engines: {node: '>=18.0.0'}
    hasBin: true

  typescript@5.9.3:
    resolution: {integrity: sha512-jl1vZzPDinLr9eUt3J/t7V6FgNEw9QjvBPdysz9KfQDD41fQrC2Y4vKQdiaUpFT4bXlb1RHhLpp8wtm6M5TgSw==}
    engines: {node: '>=14.17'}
    hasBin: true

  undici-types@7.16.0:
    resolution: {integrity: sha512-Zz+aZWSj8LE6zoxD+xrjh4VfkIG8Ya6LvYkZqtUQGJPZjYl53ypCaUwWqo7eI0x66KBGeRo+mlBEkMSeSZ38Nw==}

  zod@4.2.1:
    resolution: {integrity: sha512-0wZ1IRqGGhMP76gLqz8EyfBXKk0J2qo2+H3fi4mcUP/KtTocoX08nmIAHl1Z2kJIZbZee8KOpBCSNPRgauucjw==}

snapshots:

  '@biomejs/biome@2.3.9':
    optionalDependencies:
      '@biomejs/cli-darwin-arm64': 2.3.9
      '@biomejs/cli-darwin-x64': 2.3.9
      '@biomejs/cli-linux-arm64': 2.3.9
      '@biomejs/cli-linux-arm64-musl': 2.3.9
      '@biomejs/cli-linux-x64': 2.3.9
      '@biomejs/cli-linux-x64-musl': 2.3.9
      '@biomejs/cli-win32-arm64': 2.3.9
      '@biomejs/cli-win32-x64': 2.3.9

  '@biomejs/cli-darwin-arm64@2.3.9':
    optional: true

  '@biomejs/cli-darwin-x64@2.3.9':
    optional: true

  '@biomejs/cli-linux-arm64-musl@2.3.9':
    optional: true

  '@biomejs/cli-linux-arm64@2.3.9':
    optional: true

  '@biomejs/cli-linux-x64-musl@2.3.9':
    optional: true

  '@biomejs/cli-linux-x64@2.3.9':
    optional: true

  '@biomejs/cli-win32-arm64@2.3.9':
    optional: true

  '@biomejs/cli-win32-x64@2.3.9':
    optional: true

  '@esbuild/aix-ppc64@0.27.1':
    optional: true

  '@esbuild/android-arm64@0.27.1':
    optional: true

  '@esbuild/android-arm@0.27.1':
    optional: true

  '@esbuild/android-x64@0.27.1':
    optional: true

  '@esbuild/darwin-arm64@0.27.1':
    optional: true

  '@esbuild/darwin-x64@0.27.1':
    optional: true

  '@esbuild/freebsd-arm64@0.27.1':
    optional: true

  '@esbuild/freebsd-x64@0.27.1':
    optional: true

  '@esbuild/linux-arm64@0.27.1':
    optional: true

  '@esbuild/linux-arm@0.27.1':
    optional: true

  '@esbuild/linux-ia32@0.27.1':
    optional: true

  '@esbuild/linux-loong64@0.27.1':
    optional: true

  '@esbuild/linux-mips64el@0.27.1':
    optional: true

  '@esbuild/linux-ppc64@0.27.1':
    optional: true

  '@esbuild/linux-riscv64@0.27.1':
    optional: true

  '@esbuild/linux-s390x@0.27.1':
    optional: true

  '@esbuild/linux-x64@0.27.1':
    optional: true

  '@esbuild/netbsd-arm64@0.27.1':
    optional: true

  '@esbuild/netbsd-x64@0.27.1':
    optional: true

  '@esbuild/openbsd-arm64@0.27.1':
    optional: true

  '@esbuild/openbsd-x64@0.27.1':
    optional: true

  '@esbuild/openharmony-arm64@0.27.1':
    optional: true

  '@esbuild/sunos-x64@0.27.1':
    optional: true

  '@esbuild/win32-arm64@0.27.1':
    optional: true

  '@esbuild/win32-ia32@0.27.1':
    optional: true

  '@esbuild/win32-x64@0.27.1':
    optional: true

  '@hono/node-server@1.19.7(hono@4.11.1)':
    dependencies:
      hono: 4.11.1

  '@hono/zod-validator@0.7.5(hono@4.11.1)(zod@4.2.1)':
    dependencies:
      hono: 4.11.1
      zod: 4.2.1

  '@prisma/client@6.19.0(prisma@6.19.1(typescript@5.9.3))(typescript@5.9.3)':
    optionalDependencies:
      prisma: 6.19.1(typescript@5.9.3)
      typescript: 5.9.3

  '@prisma/config@6.19.1':
    dependencies:
      c12: 3.1.0
      deepmerge-ts: 7.1.5
      effect: 3.18.4
      empathic: 2.0.0
    transitivePeerDependencies:
      - magicast

  '@prisma/debug@6.19.1': {}

  '@prisma/engines-version@7.1.1-3.c2990dca591cba766e3b7ef5d9e8a84796e47ab7': {}

  '@prisma/engines@6.19.1':
    dependencies:
      '@prisma/debug': 6.19.1
      '@prisma/engines-version': 7.1.1-3.c2990dca591cba766e3b7ef5d9e8a84796e47ab7
      '@prisma/fetch-engine': 6.19.1
      '@prisma/get-platform': 6.19.1

  '@prisma/fetch-engine@6.19.1':
    dependencies:
      '@prisma/debug': 6.19.1
      '@prisma/engines-version': 7.1.1-3.c2990dca591cba766e3b7ef5d9e8a84796e47ab7
      '@prisma/get-platform': 6.19.1

  '@prisma/get-platform@6.19.1':
    dependencies:
      '@prisma/debug': 6.19.1

  '@standard-schema/spec@1.1.0': {}

  '@types/jsonwebtoken@9.0.10':
    dependencies:
      '@types/ms': 2.1.0
      '@types/node': 24.10.4

  '@types/ms@2.1.0': {}

  '@types/node@24.10.4':
    dependencies:
      undici-types: 7.16.0

  bcryptjs@3.0.3: {}

  buffer-equal-constant-time@1.0.1: {}

  c12@3.1.0:
    dependencies:
      chokidar: 4.0.3
      confbox: 0.2.2
      defu: 6.1.4
      dotenv: 16.6.1
      exsolve: 1.0.8
      giget: 2.0.0
      jiti: 2.6.1
      ohash: 2.0.11
      pathe: 2.0.3
      perfect-debounce: 1.0.0
      pkg-types: 2.3.0
      rc9: 2.1.2

  chokidar@4.0.3:
    dependencies:
      readdirp: 4.1.2

  citty@0.1.6:
    dependencies:
      consola: 3.4.2

  confbox@0.2.2: {}

  consola@3.4.2: {}

  deepmerge-ts@7.1.5: {}

  defu@6.1.4: {}

  destr@2.0.5: {}

  dotenv@16.6.1: {}

  dotenv@17.2.3: {}

  ecdsa-sig-formatter@1.0.11:
    dependencies:
      safe-buffer: 5.2.1

  effect@3.18.4:
    dependencies:
      '@standard-schema/spec': 1.1.0
      fast-check: 3.23.2

  empathic@2.0.0: {}

  esbuild@0.27.1:
    optionalDependencies:
      '@esbuild/aix-ppc64': 0.27.1
      '@esbuild/android-arm': 0.27.1
      '@esbuild/android-arm64': 0.27.1
      '@esbuild/android-x64': 0.27.1
      '@esbuild/darwin-arm64': 0.27.1
      '@esbuild/darwin-x64': 0.27.1
      '@esbuild/freebsd-arm64': 0.27.1
      '@esbuild/freebsd-x64': 0.27.1
      '@esbuild/linux-arm': 0.27.1
      '@esbuild/linux-arm64': 0.27.1
      '@esbuild/linux-ia32': 0.27.1
      '@esbuild/linux-loong64': 0.27.1
      '@esbuild/linux-mips64el': 0.27.1
      '@esbuild/linux-ppc64': 0.27.1
      '@esbuild/linux-riscv64': 0.27.1
      '@esbuild/linux-s390x': 0.27.1
      '@esbuild/linux-x64': 0.27.1
      '@esbuild/netbsd-arm64': 0.27.1
      '@esbuild/netbsd-x64': 0.27.1
      '@esbuild/openbsd-arm64': 0.27.1
      '@esbuild/openbsd-x64': 0.27.1
      '@esbuild/openharmony-arm64': 0.27.1
      '@esbuild/sunos-x64': 0.27.1
      '@esbuild/win32-arm64': 0.27.1
      '@esbuild/win32-ia32': 0.27.1
      '@esbuild/win32-x64': 0.27.1

  exsolve@1.0.8: {}

  fast-check@3.23.2:
    dependencies:
      pure-rand: 6.1.0

  fsevents@2.3.3:
    optional: true

  get-tsconfig@4.13.0:
    dependencies:
      resolve-pkg-maps: 1.0.0

  giget@2.0.0:
    dependencies:
      citty: 0.1.6
      consola: 3.4.2
      defu: 6.1.4
      node-fetch-native: 1.6.7
      nypm: 0.6.2
      pathe: 2.0.3

  hono@4.11.1: {}

  jiti@2.6.1: {}

  jsonwebtoken@9.0.3:
    dependencies:
      jws: 4.0.1
      lodash.includes: 4.3.0
      lodash.isboolean: 3.0.3
      lodash.isinteger: 4.0.4
      lodash.isnumber: 3.0.3
      lodash.isplainobject: 4.0.6
      lodash.isstring: 4.0.1
      lodash.once: 4.1.1
      ms: 2.1.3
      semver: 7.7.3

  jwa@2.0.1:
    dependencies:
      buffer-equal-constant-time: 1.0.1
      ecdsa-sig-formatter: 1.0.11
      safe-buffer: 5.2.1

  jws@4.0.1:
    dependencies:
      jwa: 2.0.1
      safe-buffer: 5.2.1

  lefthook-darwin-arm64@2.0.12:
    optional: true

  lefthook-darwin-x64@2.0.12:
    optional: true

  lefthook-freebsd-arm64@2.0.12:
    optional: true

  lefthook-freebsd-x64@2.0.12:
    optional: true

  lefthook-linux-arm64@2.0.12:
    optional: true

  lefthook-linux-x64@2.0.12:
    optional: true

  lefthook-openbsd-arm64@2.0.12:
    optional: true

  lefthook-openbsd-x64@2.0.12:
    optional: true

  lefthook-windows-arm64@2.0.12:
    optional: true

  lefthook-windows-x64@2.0.12:
    optional: true

  lefthook@2.0.12:
    optionalDependencies:
      lefthook-darwin-arm64: 2.0.12
      lefthook-darwin-x64: 2.0.12
      lefthook-freebsd-arm64: 2.0.12
      lefthook-freebsd-x64: 2.0.12
      lefthook-linux-arm64: 2.0.12
      lefthook-linux-x64: 2.0.12
      lefthook-openbsd-arm64: 2.0.12
      lefthook-openbsd-x64: 2.0.12
      lefthook-windows-arm64: 2.0.12
      lefthook-windows-x64: 2.0.12

  lodash.includes@4.3.0: {}

  lodash.isboolean@3.0.3: {}

  lodash.isinteger@4.0.4: {}

  lodash.isnumber@3.0.3: {}

  lodash.isplainobject@4.0.6: {}

  lodash.isstring@4.0.1: {}

  lodash.once@4.1.1: {}

  ms@2.1.3: {}

  node-fetch-native@1.6.7: {}

  nypm@0.6.2:
    dependencies:
      citty: 0.1.6
      consola: 3.4.2
      pathe: 2.0.3
      pkg-types: 2.3.0
      tinyexec: 1.0.2

  ohash@2.0.11: {}

  pathe@2.0.3: {}

  perfect-debounce@1.0.0: {}

  pkg-types@2.3.0:
    dependencies:
      confbox: 0.2.2
      exsolve: 1.0.8
      pathe: 2.0.3

  prisma@6.19.1(typescript@5.9.3):
    dependencies:
      '@prisma/config': 6.19.1
      '@prisma/engines': 6.19.1
    optionalDependencies:
      typescript: 5.9.3
    transitivePeerDependencies:
      - magicast

  pure-rand@6.1.0: {}

  rc9@2.1.2:
    dependencies:
      defu: 6.1.4
      destr: 2.0.5

  readdirp@4.1.2: {}

  resolve-pkg-maps@1.0.0: {}

  safe-buffer@5.2.1: {}

  semver@7.7.3: {}

  tinyexec@1.0.2: {}

  tsx@4.21.0:
    dependencies:
      esbuild: 0.27.1
      get-tsconfig: 4.13.0
    optionalDependencies:
      fsevents: 2.3.3

  typescript@5.9.3: {}

  undici-types@7.16.0: {}

  zod@4.2.1: {}
