lockfileVersion: '9.0'

settings:
  autoInstallPeers: true
  excludeLinksFromLockfile: false

importers:

  .:
    dependencies:
      '@prisma/client':
        specifier: 5.20.0
        version: 5.20.0(prisma@5.20.0)
      prisma:
        specifier: ^5.20.0
        version: 5.20.0

packages:

  '@prisma/client@5.20.0':
    resolution: {integrity: sha512-CLv55ZuMuUawMsxoqxGtLT3bEZoa2W8L3Qnp6rDIFWy+ZBrUcOFKdoeGPSnbBqxc3SkdxJrF+D1veN/WNynZYA==}
    engines: {node: '>=16.13'}
    peerDependencies:
      prisma: '*'
    peerDependenciesMeta:
      prisma:
        optional: true

  '@prisma/debug@5.20.0':
    resolution: {integrity: sha512-oCx79MJ4HSujokA8S1g0xgZUGybD4SyIOydoHMngFYiwEwYDQ5tBQkK5XoEHuwOYDKUOKRn/J0MEymckc4IgsQ==}

  '@prisma/engines-version@5.20.0-12.06fc58a368dc7be9fbbbe894adf8d445d208c284':
    resolution: {integrity: sha512-Lg8AS5lpi0auZe2Mn4gjuCg081UZf88k3cn0RCwHgR+6cyHHpttPZBElJTHf83ZGsRNAmVCZCfUGA57WB4u4JA==}

  '@prisma/engines@5.20.0':
    resolution: {integrity: sha512-DtqkP+hcZvPEbj8t8dK5df2b7d3B8GNauKqaddRRqQBBlgkbdhJkxhoJTrOowlS3vaRt2iMCkU0+CSNn0KhqAQ==}

  '@prisma/fetch-engine@5.20.0':
    resolution: {integrity: sha512-JVcaPXC940wOGpCOwuqQRTz6I9SaBK0c1BAyC1pcz9xBi+dzFgUu3G/p9GV1FhFs9OKpfSpIhQfUJE9y00zhqw==}

  '@prisma/get-platform@5.20.0':
    resolution: {integrity: sha512-8/+CehTZZNzJlvuryRgc77hZCWrUDYd/PmlZ7p2yNXtmf2Una4BWnTbak3us6WVdqoz5wmptk6IhsXdG2v5fmA==}

  fsevents@2.3.3:
    resolution: {integrity: sha512-5xoDfX+fL7faATnagmWPpbFtwh/R77WmMMqqHGS65C3vvB0YHrgF+B1YmZ3441tMj5n63k0212XNoJwzlhffQw==}
    engines: {node: ^8.16.0 || ^10.6.0 || >=11.0.0}
    os: [darwin]

  prisma@5.20.0:
    resolution: {integrity: sha512-6obb3ucKgAnsGS9x9gLOe8qa51XxvJ3vLQtmyf52CTey1Qcez3A6W6ROH5HIz5Q5bW+0VpmZb8WBohieMFGpig==}
    engines: {node: '>=16.13'}
    hasBin: true

snapshots:

  '@prisma/client@5.20.0(prisma@5.20.0)':
    optionalDependencies:
      prisma: 5.20.0

  '@prisma/debug@5.20.0': {}

  '@prisma/engines-version@5.20.0-12.06fc58a368dc7be9fbbbe894adf8d445d208c284': {}

  '@prisma/engines@5.20.0':
    dependencies:
      '@prisma/debug': 5.20.0
      '@prisma/engines-version': 5.20.0-12.06fc58a368dc7be9fbbbe894adf8d445d208c284
      '@prisma/fetch-engine': 5.20.0
      '@prisma/get-platform': 5.20.0

  '@prisma/fetch-engine@5.20.0':
    dependencies:
      '@prisma/debug': 5.20.0
      '@prisma/engines-version': 5.20.0-12.06fc58a368dc7be9fbbbe894adf8d445d208c284
      '@prisma/get-platform': 5.20.0

  '@prisma/get-platform@5.20.0':
    dependencies:
      '@prisma/debug': 5.20.0

  fsevents@2.3.3:
    optional: true

  prisma@5.20.0:
    dependencies:
      '@prisma/engines': 5.20.0
    optionalDependencies:
      fsevents: 2.3.3
